// !$*UTF8*$!
{
	archiveVersion = 1;
	classes = {
	};
	objectVersion = 56;
	objects = {

/* Begin PBXBuildFile section */
		4051B6192C4B3BF800529125 /* ModelManager.swift in Sources */ = {isa = PBXBuildFile; fileRef = 4051B6182C4B3BF800529125 /* ModelManager.swift */; };
		4051B68D2C4B56B700529125 /* Stop Sign Ahead.mp3 in Resources */ = {isa = PBXBuildFile; fileRef = 4051B68C2C4B56B700529125 /* Stop Sign Ahead.mp3 */; };
		4051B68F2C4C56C800529125 /* SS1.mlmodel in Sources */ = {isa = PBXBuildFile; fileRef = 4051B68E2C4C56C800529125 /* SS1.mlmodel */; };
		409B3C982EB2F1FB00844E64 /* User.swift in Sources */ = {isa = PBXBuildFile; fileRef = 409B3C972EB2F1F700844E64 /* User.swift */; };
		409B3C9A2EB2F2C000844E64 /* UserManager.swift in Sources */ = {isa = PBXBuildFile; fileRef = 409B3C992EB2F2B400844E64 /* UserManager.swift */; };
		409B3C9C2EB2F2E200844E64 /* ProfileSelectionView.swift in Sources */ = {isa = PBXBuildFile; fileRef = 409B3C9B2EB2F2D000844E64 /* ProfileSelectionView.swift */; };
		409B3CA12EB3098000844E64 /* CameraView.swift in Sources */ = {isa = PBXBuildFile; fileRef = 409B3CA02EB3098000844E64 /* CameraView.swift */; };
		409B3CA92EBBDBAC00844E64 /* Family.swift in Sources */ = {isa = PBXBuildFile; fileRef = 409B3CA82EBBDBA500844E64 /* Family.swift */; };
		409B3CAB2EBBDBBA00844E64 /* FamilyManager.swift in Sources */ = {isa = PBXBuildFile; fileRef = 409B3CAA2EBBDBB000844E64 /* FamilyManager.swift */; };
		409B3CAD2EBBDBC300844E64 /* FamilyManagementView.swift in Sources */ = {isa = PBXBuildFile; fileRef = 409B3CAC2EBBDBBE00844E64 /* FamilyManagementView.swift */; };
		409B3CAF2EBBDBDA00844E64 /* PendingInvitesView.swift in Sources */ = {isa = PBXBuildFile; fileRef = 409B3CAE2EBBDBCD00844E64 /* PendingInvitesView.swift */; };
		40A5AD032EA19155006FD617 /* Announcer.swift in Sources */ = {isa = PBXBuildFile; fileRef = 40A5AD022EA1913F006FD617 /* Announcer.swift */; };
		40A5AD0B2EA19228006FD617 /* DetectionModels.swift in Sources */ = {isa = PBXBuildFile; fileRef = 40A5AD0A2EA1921C006FD617 /* DetectionModels.swift */; };
		40BD4B3A2ED4236F0002C362 /* FirebaseAI in Frameworks */ = {isa = PBXBuildFile; productRef = 40BD4B392ED4236F0002C362 /* FirebaseAI */; };
		40BD4B3C2ED4236F0002C362 /* FirebaseAILogic in Frameworks */ = {isa = PBXBuildFile; productRef = 40BD4B3B2ED4236F0002C362 /* FirebaseAILogic */; };
		40BD4B3E2ED4236F0002C362 /* FirebaseAnalytics in Frameworks */ = {isa = PBXBuildFile; productRef = 40BD4B3D2ED4236F0002C362 /* FirebaseAnalytics */; };
		40BD4B402ED4236F0002C362 /* FirebaseAnalyticsCore in Frameworks */ = {isa = PBXBuildFile; productRef = 40BD4B3F2ED4236F0002C362 /* FirebaseAnalyticsCore */; };
		40BD4B422ED4236F0002C362 /* FirebaseAnalyticsIdentitySupport in Frameworks */ = {isa = PBXBuildFile; productRef = 40BD4B412ED4236F0002C362 /* FirebaseAnalyticsIdentitySupport */; };
		40BD4B442ED42C7E0002C362 /* GoogleService-Info.plist in Resources */ = {isa = PBXBuildFile; fileRef = 40BD4B432ED42C7E0002C362 /* GoogleService-Info.plist */; };
		40BD4B462ED42E950002C362 /* FirebaseAuthManager.swift in Sources */ = {isa = PBXBuildFile; fileRef = 40BD4B452ED42E830002C362 /* FirebaseAuthManager.swift */; };
		40BD4B482ED42ED80002C362 /* FirebaseFamilyManager.swift in Sources */ = {isa = PBXBuildFile; fileRef = 40BD4B472ED42ECC0002C362 /* FirebaseFamilyManager.swift */; };
		40EB652B2C6DA2DB00543F6F /* HomeScreenView.swift in Sources */ = {isa = PBXBuildFile; fileRef = 40EB652A2C6DA2DB00543F6F /* HomeScreenView.swift */; };
		40FBA2782C32305D00FAE18B /* EasyTrafficApp.swift in Sources */ = {isa = PBXBuildFile; fileRef = 40FBA2772C32305D00FAE18B /* EasyTrafficApp.swift */; };
		40FBA27A2C32305D00FAE18B /* ContentView.swift in Sources */ = {isa = PBXBuildFile; fileRef = 40FBA2792C32305D00FAE18B /* ContentView.swift */; };
		40FBA27C2C32305E00FAE18B /* Assets.xcassets in Resources */ = {isa = PBXBuildFile; fileRef = 40FBA27B2C32305E00FAE18B /* Assets.xcassets */; };
		40FBA27F2C32305E00FAE18B /* Preview Assets.xcassets in Resources */ = {isa = PBXBuildFile; fileRef = 40FBA27E2C32305E00FAE18B /* Preview Assets.xcassets */; };
		40FBA2892C32305E00FAE18B /* EasyTrafficTests.swift in Sources */ = {isa = PBXBuildFile; fileRef = 40FBA2882C32305E00FAE18B /* EasyTrafficTests.swift */; };
		40FBA2932C32305E00FAE18B /* EasyTrafficUITests.swift in Sources */ = {isa = PBXBuildFile; fileRef = 40FBA2922C32305E00FAE18B /* EasyTrafficUITests.swift */; };
		40FBA2952C32305F00FAE18B /* EasyTrafficUITestsLaunchTests.swift in Sources */ = {isa = PBXBuildFile; fileRef = 40FBA2942C32305F00FAE18B /* EasyTrafficUITestsLaunchTests.swift */; };
/* End PBXBuildFile section */

/* Begin PBXContainerItemProxy section */
		40FBA2852C32305E00FAE18B /* PBXContainerItemProxy */ = {
			isa = PBXContainerItemProxy;
			containerPortal = 40FBA26C2C32305D00FAE18B /* Project object */;
			proxyType = 1;
			remoteGlobalIDString = 40FBA2732C32305D00FAE18B;
			remoteInfo = EasyTraffic;
		};
		40FBA28F2C32305E00FAE18B /* PBXContainerItemProxy */ = {
			isa = PBXContainerItemProxy;
			containerPortal = 40FBA26C2C32305D00FAE18B /* Project object */;
			proxyType = 1;
			remoteGlobalIDString = 40FBA2732C32305D00FAE18B;
			remoteInfo = EasyTraffic;
		};
/* End PBXContainerItemProxy section */

/* Begin PBXFileReference section */
		404B9CB12C41DC7100758C8D /* Info.plist */ = {isa = PBXFileReference; lastKnownFileType = text.plist.xml; path = Info.plist; sourceTree = "<group>"; };
		4051B6182C4B3BF800529125 /* ModelManager.swift */ = {isa = PBXFileReference; lastKnownFileType = sourcecode.swift; path = ModelManager.swift; sourceTree = "<group>"; };
		4051B68C2C4B56B700529125 /* Stop Sign Ahead.mp3 */ = {isa = PBXFileReference; lastKnownFileType = audio.mp3; path = "Stop Sign Ahead.mp3"; sourceTree = "<group>"; };
		4051B68E2C4C56C800529125 /* SS1.mlmodel */ = {isa = PBXFileReference; lastKnownFileType = file.mlmodel; path = SS1.mlmodel; sourceTree = "<group>"; };
		409B3C972EB2F1F700844E64 /* User.swift */ = {isa = PBXFileReference; lastKnownFileType = sourcecode.swift; path = User.swift; sourceTree = "<group>"; };
		409B3C992EB2F2B400844E64 /* UserManager.swift */ = {isa = PBXFileReference; lastKnownFileType = sourcecode.swift; path = UserManager.swift; sourceTree = "<group>"; };
		409B3C9B2EB2F2D000844E64 /* ProfileSelectionView.swift */ = {isa = PBXFileReference; lastKnownFileType = sourcecode.swift; path = ProfileSelectionView.swift; sourceTree = "<group>"; };
		409B3CA02EB3098000844E64 /* CameraView.swift */ = {isa = PBXFileReference; lastKnownFileType = sourcecode.swift; path = CameraView.swift; sourceTree = "<group>"; };
		409B3CA82EBBDBA500844E64 /* Family.swift */ = {isa = PBXFileReference; lastKnownFileType = sourcecode.swift; path = Family.swift; sourceTree = "<group>"; };
		409B3CAA2EBBDBB000844E64 /* FamilyManager.swift */ = {isa = PBXFileReference; lastKnownFileType = sourcecode.swift; path = FamilyManager.swift; sourceTree = "<group>"; };
		409B3CAC2EBBDBBE00844E64 /* FamilyManagementView.swift */ = {isa = PBXFileReference; lastKnownFileType = sourcecode.swift; path = FamilyManagementView.swift; sourceTree = "<group>"; };
		409B3CAE2EBBDBCD00844E64 /* PendingInvitesView.swift */ = {isa = PBXFileReference; lastKnownFileType = sourcecode.swift; path = PendingInvitesView.swift; sourceTree = "<group>"; };
		40A5AD022EA1913F006FD617 /* Announcer.swift */ = {isa = PBXFileReference; lastKnownFileType = sourcecode.swift; path = Announcer.swift; sourceTree = "<group>"; };
		40A5AD0A2EA1921C006FD617 /* DetectionModels.swift */ = {isa = PBXFileReference; lastKnownFileType = sourcecode.swift; path = DetectionModels.swift; sourceTree = "<group>"; };
		40BD4B432ED42C7E0002C362 /* GoogleService-Info.plist */ = {isa = PBXFileReference; lastKnownFileType = text.plist.xml; path = "GoogleService-Info.plist"; sourceTree = "<group>"; };
		40BD4B452ED42E830002C362 /* FirebaseAuthManager.swift */ = {isa = PBXFileReference; lastKnownFileType = sourcecode.swift; path = FirebaseAuthManager.swift; sourceTree = "<group>"; };
		40BD4B472ED42ECC0002C362 /* FirebaseFamilyManager.swift */ = {isa = PBXFileReference; lastKnownFileType = sourcecode.swift; path = FirebaseFamilyManager.swift; sourceTree = "<group>"; };
		40EB652A2C6DA2DB00543F6F /* HomeScreenView.swift */ = {isa = PBXFileReference; lastKnownFileType = sourcecode.swift; path = HomeScreenView.swift; sourceTree = "<group>"; };
		40FBA2742C32305D00FAE18B /* EasyTraffic.app */ = {isa = PBXFileReference; explicitFileType = wrapper.application; includeInIndex = 0; path = EasyTraffic.app; sourceTree = BUILT_PRODUCTS_DIR; };
		40FBA2772C32305D00FAE18B /* EasyTrafficApp.swift */ = {isa = PBXFileReference; lastKnownFileType = sourcecode.swift; path = EasyTrafficApp.swift; sourceTree = "<group>"; };
		40FBA2792C32305D00FAE18B /* ContentView.swift */ = {isa = PBXFileReference; lastKnownFileType = sourcecode.swift; path = ContentView.swift; sourceTree = "<group>"; };
		40FBA27B2C32305E00FAE18B /* Assets.xcassets */ = {isa = PBXFileReference; lastKnownFileType = folder.assetcatalog; path = Assets.xcassets; sourceTree = "<group>"; };
		40FBA27E2C32305E00FAE18B /* Preview Assets.xcassets */ = {isa = PBXFileReference; lastKnownFileType = folder.assetcatalog; path = "Preview Assets.xcassets"; sourceTree = "<group>"; };
		40FBA2842C32305E00FAE18B /* EasyTrafficTests.xctest */ = {isa = PBXFileReference; explicitFileType = wrapper.cfbundle; includeInIndex = 0; path = EasyTrafficTests.xctest; sourceTree = BUILT_PRODUCTS_DIR; };
		40FBA2882C32305E00FAE18B /* EasyTrafficTests.swift */ = {isa = PBXFileReference; lastKnownFileType = sourcecode.swift; path = EasyTrafficTests.swift; sourceTree = "<group>"; };
		40FBA28E2C32305E00FAE18B /* EasyTrafficUITests.xctest */ = {isa = PBXFileReference; explicitFileType = wrapper.cfbundle; includeInIndex = 0; path = EasyTrafficUITests.xctest; sourceTree = BUILT_PRODUCTS_DIR; };
		40FBA2922C32305E00FAE18B /* EasyTrafficUITests.swift */ = {isa = PBXFileReference; lastKnownFileType = sourcecode.swift; path = EasyTrafficUITests.swift; sourceTree = "<group>"; };
		40FBA2942C32305F00FAE18B /* EasyTrafficUITestsLaunchTests.swift */ = {isa = PBXFileReference; lastKnownFileType = sourcecode.swift; path = EasyTrafficUITestsLaunchTests.swift; sourceTree = "<group>"; };
/* End PBXFileReference section */

/* Begin PBXFrameworksBuildPhase section */
		40FBA2712C32305D00FAE18B /* Frameworks */ = {
			isa = PBXFrameworksBuildPhase;
			buildActionMask = 2147483647;
			files = (
				40BD4B3C2ED4236F0002C362 /* FirebaseAILogic in Frameworks */,
				40BD4B422ED4236F0002C362 /* FirebaseAnalyticsIdentitySupport in Frameworks */,
				40BD4B3A2ED4236F0002C362 /* FirebaseAI in Frameworks */,
				40BD4B3E2ED4236F0002C362 /* FirebaseAnalytics in Frameworks */,
				40BD4B402ED4236F0002C362 /* FirebaseAnalyticsCore in Frameworks */,
			);
			runOnlyForDeploymentPostprocessing = 0;
		};
		40FBA2812C32305E00FAE18B /* Frameworks */ = {
			isa = PBXFrameworksBuildPhase;
			buildActionMask = 2147483647;
			files = (
			);
			runOnlyForDeploymentPostprocessing = 0;
		};
		40FBA28B2C32305E00FAE18B /* Frameworks */ = {
			isa = PBXFrameworksBuildPhase;
			buildActionMask = 2147483647;
			files = (
			);
			runOnlyForDeploymentPostprocessing = 0;
		};
/* End PBXFrameworksBuildPhase section */

/* Begin PBXGroup section */
		409B3CA22EB30AB100844E64 /* Profiles */ = {
			isa = PBXGroup;
			children = (
				40BD4B452ED42E830002C362 /* FirebaseAuthManager.swift */,
				409B3CA72EBBDB9000844E64 /* Users */,
				409B3CA62EBBDB8100844E64 /* Family */,
			);
			path = Profiles;
			sourceTree = "<group>";
		};
		409B3CA32EB30AEE00844E64 /* Misc */ = {
			isa = PBXGroup;
			children = (
				4051B68E2C4C56C800529125 /* SS1.mlmodel */,
				40FBA27B2C32305E00FAE18B /* Assets.xcassets */,
				4051B68C2C4B56B700529125 /* Stop Sign Ahead.mp3 */,
				40FBA27E2C32305E00FAE18B /* Preview Assets.xcassets */,
			);
			path = Misc;
			sourceTree = "<group>";
		};
		409B3CA42EB30B2800844E64 /* ScreenView */ = {
			isa = PBXGroup;
			children = (
				409B3CA02EB3098000844E64 /* CameraView.swift */,
				40FBA2792C32305D00FAE18B /* ContentView.swift */,
				40EB652A2C6DA2DB00543F6F /* HomeScreenView.swift */,
			);
			path = ScreenView;
			sourceTree = "<group>";
		};
		409B3CA52EB30B8600844E64 /* Detection */ = {
			isa = PBXGroup;
			children = (
				40A5AD0A2EA1921C006FD617 /* DetectionModels.swift */,
				4051B6182C4B3BF800529125 /* ModelManager.swift */,
				40A5AD022EA1913F006FD617 /* Announcer.swift */,
			);
			path = Detection;
			sourceTree = "<group>";
		};
		409B3CA62EBBDB8100844E64 /* Family */ = {
			isa = PBXGroup;
			children = (
				40BD4B472ED42ECC0002C362 /* FirebaseFamilyManager.swift */,
				409B3CAE2EBBDBCD00844E64 /* PendingInvitesView.swift */,
				409B3CAC2EBBDBBE00844E64 /* FamilyManagementView.swift */,
				409B3CAA2EBBDBB000844E64 /* FamilyManager.swift */,
				409B3CA82EBBDBA500844E64 /* Family.swift */,
			);
			path = Family;
			sourceTree = "<group>";
		};
		409B3CA72EBBDB9000844E64 /* Users */ = {
			isa = PBXGroup;
			children = (
				409B3C9B2EB2F2D000844E64 /* ProfileSelectionView.swift */,
				409B3C992EB2F2B400844E64 /* UserManager.swift */,
				409B3C972EB2F1F700844E64 /* User.swift */,
			);
			path = Users;
			sourceTree = "<group>";
		};
		40FBA26B2C32305D00FAE18B = {
			isa = PBXGroup;
			children = (
				40BD4B432ED42C7E0002C362 /* GoogleService-Info.plist */,
				40FBA2762C32305D00FAE18B /* EasyTraffic */,
				40FBA2872C32305E00FAE18B /* EasyTrafficTests */,
				40FBA2912C32305E00FAE18B /* EasyTrafficUITests */,
				40FBA2752C32305D00FAE18B /* Products */,
			);
			sourceTree = "<group>";
		};
		40FBA2752C32305D00FAE18B /* Products */ = {
			isa = PBXGroup;
			children = (
				40FBA2742C32305D00FAE18B /* EasyTraffic.app */,
				40FBA2842C32305E00FAE18B /* EasyTrafficTests.xctest */,
				40FBA28E2C32305E00FAE18B /* EasyTrafficUITests.xctest */,
			);
			name = Products;
			sourceTree = "<group>";
		};
		40FBA2762C32305D00FAE18B /* EasyTraffic */ = {
			isa = PBXGroup;
			children = (
				40FBA2772C32305D00FAE18B /* EasyTrafficApp.swift */,
				404B9CB12C41DC7100758C8D /* Info.plist */,
				409B3CA52EB30B8600844E64 /* Detection */,
				409B3CA42EB30B2800844E64 /* ScreenView */,
				409B3CA22EB30AB100844E64 /* Profiles */,
				409B3CA32EB30AEE00844E64 /* Misc */,
			);
			path = EasyTraffic;
			sourceTree = "<group>";
		};
		40FBA2872C32305E00FAE18B /* EasyTrafficTests */ = {
			isa = PBXGroup;
			children = (
				40FBA2882C32305E00FAE18B /* EasyTrafficTests.swift */,
			);
			path = EasyTrafficTests;
			sourceTree = "<group>";
		};
		40FBA2912C32305E00FAE18B /* EasyTrafficUITests */ = {
			isa = PBXGroup;
			children = (
				40FBA2922C32305E00FAE18B /* EasyTrafficUITests.swift */,
				40FBA2942C32305F00FAE18B /* EasyTrafficUITestsLaunchTests.swift */,
			);
			path = EasyTrafficUITests;
			sourceTree = "<group>";
		};
/* End PBXGroup section */

/* Begin PBXNativeTarget section */
		40FBA2732C32305D00FAE18B /* EasyTraffic */ = {
			isa = PBXNativeTarget;
			buildConfigurationList = 40FBA2982C32305F00FAE18B /* Build configuration list for PBXNativeTarget "EasyTraffic" */;
			buildPhases = (
				40FBA2702C32305D00FAE18B /* Sources */,
				40FBA2712C32305D00FAE18B /* Frameworks */,
				40FBA2722C32305D00FAE18B /* Resources */,
			);
			buildRules = (
			);
			dependencies = (
			);
			name = EasyTraffic;
			productName = EasyTraffic;
			productReference = 40FBA2742C32305D00FAE18B /* EasyTraffic.app */;
			productType = "com.apple.product-type.application";
		};
		40FBA2832C32305E00FAE18B /* EasyTrafficTests */ = {
			isa = PBXNativeTarget;
			buildConfigurationList = 40FBA29B2C32305F00FAE18B /* Build configuration list for PBXNativeTarget "EasyTrafficTests" */;
			buildPhases = (
				40FBA2802C32305E00FAE18B /* Sources */,
				40FBA2812C32305E00FAE18B /* Frameworks */,
				40FBA2822C32305E00FAE18B /* Resources */,
			);
			buildRules = (
			);
			dependencies = (
				40FBA2862C32305E00FAE18B /* PBXTargetDependency */,
			);
			name = EasyTrafficTests;
			productName = EasyTrafficTests;
			productReference = 40FBA2842C32305E00FAE18B /* EasyTrafficTests.xctest */;
			productType = "com.apple.product-type.bundle.unit-test";
		};
		40FBA28D2C32305E00FAE18B /* EasyTrafficUITests */ = {
			isa = PBXNativeTarget;
			buildConfigurationList = 40FBA29E2C32305F00FAE18B /* Build configuration list for PBXNativeTarget "EasyTrafficUITests" */;
			buildPhases = (
				40FBA28A2C32305E00FAE18B /* Sources */,
				40FBA28B2C32305E00FAE18B /* Frameworks */,
				40FBA28C2C32305E00FAE18B /* Resources */,
			);
			buildRules = (
			);
			dependencies = (
				40FBA2902C32305E00FAE18B /* PBXTargetDependency */,
			);
			name = EasyTrafficUITests;
			productName = EasyTrafficUITests;
			productReference = 40FBA28E2C32305E00FAE18B /* EasyTrafficUITests.xctest */;
			productType = "com.apple.product-type.bundle.ui-testing";
		};
/* End PBXNativeTarget section */

/* Begin PBXProject section */
		40FBA26C2C32305D00FAE18B /* Project object */ = {
			isa = PBXProject;
			attributes = {
				BuildIndependentTargetsInParallel = 1;
				LastSwiftUpdateCheck = 1540;
				LastUpgradeCheck = 1540;
				TargetAttributes = {
					40FBA2732C32305D00FAE18B = {
						CreatedOnToolsVersion = 15.4;
					};
					40FBA2832C32305E00FAE18B = {
						CreatedOnToolsVersion = 15.4;
						TestTargetID = 40FBA2732C32305D00FAE18B;
					};
					40FBA28D2C32305E00FAE18B = {
						CreatedOnToolsVersion = 15.4;
						TestTargetID = 40FBA2732C32305D00FAE18B;
					};
				};
			};
			buildConfigurationList = 40FBA26F2C32305D00FAE18B /* Build configuration list for PBXProject "EasyTraffic" */;
			compatibilityVersion = "Xcode 14.0";
			developmentRegion = en;
			hasScannedForEncodings = 0;
			knownRegions = (
				en,
				Base,
			);
			mainGroup = 40FBA26B2C32305D00FAE18B;
			packageReferences = (
				40BD4B382ED4236F0002C362 /* XCRemoteSwiftPackageReference "firebase-ios-sdk" */,
			);
			productRefGroup = 40FBA2752C32305D00FAE18B /* Products */;
			projectDirPath = "";
			projectRoot = "";
			targets = (
				40FBA2732C32305D00FAE18B /* EasyTraffic */,
				40FBA2832C32305E00FAE18B /* EasyTrafficTests */,
				40FBA28D2C32305E00FAE18B /* EasyTrafficUITests */,
			);
		};
/* End PBXProject section */

/* Begin PBXResourcesBuildPhase section */
		40FBA2722C32305D00FAE18B /* Resources */ = {
			isa = PBXResourcesBuildPhase;
			buildActionMask = 2147483647;
			files = (
				4051B68D2C4B56B700529125 /* Stop Sign Ahead.mp3 in Resources */,
				40BD4B442ED42C7E0002C362 /* GoogleService-Info.plist in Resources */,
				40FBA27F2C32305E00FAE18B /* Preview Assets.xcassets in Resources */,
				40FBA27C2C32305E00FAE18B /* Assets.xcassets in Resources */,
			);
			runOnlyForDeploymentPostprocessing = 0;
		};
		40FBA2822C32305E00FAE18B /* Resources */ = {
			isa = PBXResourcesBuildPhase;
			buildActionMask = 2147483647;
			files = (
			);
			runOnlyForDeploymentPostprocessing = 0;
		};
		40FBA28C2C32305E00FAE18B /* Resources */ = {
			isa = PBXResourcesBuildPhase;
			buildActionMask = 2147483647;
			files = (
			);
			runOnlyForDeploymentPostprocessing = 0;
		};
/* End PBXResourcesBuildPhase section */

/* Begin PBXSourcesBuildPhase section */
		40FBA2702C32305D00FAE18B /* Sources */ = {
			isa = PBXSourcesBuildPhase;
			buildActionMask = 2147483647;
			files = (
				409B3CAF2EBBDBDA00844E64 /* PendingInvitesView.swift in Sources */,
				40FBA27A2C32305D00FAE18B /* ContentView.swift in Sources */,
				40BD4B462ED42E950002C362 /* FirebaseAuthManager.swift in Sources */,
				409B3CAB2EBBDBBA00844E64 /* FamilyManager.swift in Sources */,
				409B3C9A2EB2F2C000844E64 /* UserManager.swift in Sources */,
				40A5AD032EA19155006FD617 /* Announcer.swift in Sources */,
				40EB652B2C6DA2DB00543F6F /* HomeScreenView.swift in Sources */,
				409B3CAD2EBBDBC300844E64 /* FamilyManagementView.swift in Sources */,
				40BD4B482ED42ED80002C362 /* FirebaseFamilyManager.swift in Sources */,
				40FBA2782C32305D00FAE18B /* EasyTrafficApp.swift in Sources */,
				409B3CA92EBBDBAC00844E64 /* Family.swift in Sources */,
				409B3C982EB2F1FB00844E64 /* User.swift in Sources */,
				409B3CA12EB3098000844E64 /* CameraView.swift in Sources */,
				4051B6192C4B3BF800529125 /* ModelManager.swift in Sources */,
				409B3C9C2EB2F2E200844E64 /* ProfileSelectionView.swift in Sources */,
				40A5AD0B2EA19228006FD617 /* DetectionModels.swift in Sources */,
				4051B68F2C4C56C800529125 /* SS1.mlmodel in Sources */,
			);
			runOnlyForDeploymentPostprocessing = 0;
		};
		40FBA2802C32305E00FAE18B /* Sources */ = {
			isa = PBXSourcesBuildPhase;
			buildActionMask = 2147483647;
			files = (
				40FBA2892C32305E00FAE18B /* EasyTrafficTests.swift in Sources */,
			);
			runOnlyForDeploymentPostprocessing = 0;
		};
		40FBA28A2C32305E00FAE18B /* Sources */ = {
			isa = PBXSourcesBuildPhase;
			buildActionMask = 2147483647;
			files = (
				40FBA2952C32305F00FAE18B /* EasyTrafficUITestsLaunchTests.swift in Sources */,
				40FBA2932C32305E00FAE18B /* EasyTrafficUITests.swift in Sources */,
			);
			runOnlyForDeploymentPostprocessing = 0;
		};
/* End PBXSourcesBuildPhase section */

/* Begin PBXTargetDependency section */
		40FBA2862C32305E00FAE18B /* PBXTargetDependency */ = {
			isa = PBXTargetDependency;
			target = 40FBA2732C32305D00FAE18B /* EasyTraffic */;
			targetProxy = 40FBA2852C32305E00FAE18B /* PBXContainerItemProxy */;
		};
		40FBA2902C32305E00FAE18B /* PBXTargetDependency */ = {
			isa = PBXTargetDependency;
			target = 40FBA2732C32305D00FAE18B /* EasyTraffic */;
			targetProxy = 40FBA28F2C32305E00FAE18B /* PBXContainerItemProxy */;
		};
/* End PBXTargetDependency section */

/* Begin XCBuildConfiguration section */
		40FBA2962C32305F00FAE18B /* Debug */ = {
			isa = XCBuildConfiguration;
			buildSettings = {
				ALWAYS_SEARCH_USER_PATHS = NO;
				ASSETCATALOG_COMPILER_GENERATE_SWIFT_ASSET_SYMBOL_EXTENSIONS = YES;
				CLANG_ANALYZER_NONNULL = YES;
				CLANG_ANALYZER_NUMBER_OBJECT_CONVERSION = YES_AGGRESSIVE;
				CLANG_CXX_LANGUAGE_STANDARD = "gnu++20";
				CLANG_ENABLE_MODULES = YES;
				CLANG_ENABLE_OBJC_ARC = YES;
				CLANG_ENABLE_OBJC_WEAK = YES;
				CLANG_WARN_BLOCK_CAPTURE_AUTORELEASING = YES;
				CLANG_WARN_BOOL_CONVERSION = YES;
				CLANG_WARN_COMMA = YES;
				CLANG_WARN_CONSTANT_CONVERSION = YES;
				CLANG_WARN_DEPRECATED_OBJC_IMPLEMENTATIONS = YES;
				CLANG_WARN_DIRECT_OBJC_ISA_USAGE = YES_ERROR;
				CLANG_WARN_DOCUMENTATION_COMMENTS = YES;
				CLANG_WARN_EMPTY_BODY = YES;
				CLANG_WARN_ENUM_CONVERSION = YES;
				CLANG_WARN_INFINITE_RECURSION = YES;
				CLANG_WARN_INT_CONVERSION = YES;
				CLANG_WARN_NON_LITERAL_NULL_CONVERSION = YES;
				CLANG_WARN_OBJC_IMPLICIT_RETAIN_SELF = YES;
				CLANG_WARN_OBJC_LITERAL_CONVERSION = YES;
				CLANG_WARN_OBJC_ROOT_CLASS = YES_ERROR;
				CLANG_WARN_QUOTED_INCLUDE_IN_FRAMEWORK_HEADER = YES;
				CLANG_WARN_RANGE_LOOP_ANALYSIS = YES;
				CLANG_WARN_STRICT_PROTOTYPES = YES;
				CLANG_WARN_SUSPICIOUS_MOVE = YES;
				CLANG_WARN_UNGUARDED_AVAILABILITY = YES_AGGRESSIVE;
				CLANG_WARN_UNREACHABLE_CODE = YES;
				CLANG_WARN__DUPLICATE_METHOD_MATCH = YES;
				COPY_PHASE_STRIP = NO;
				DEBUG_INFORMATION_FORMAT = dwarf;
				ENABLE_STRICT_OBJC_MSGSEND = YES;
				ENABLE_TESTABILITY = YES;
				ENABLE_USER_SCRIPT_SANDBOXING = YES;
				GCC_C_LANGUAGE_STANDARD = gnu17;
				GCC_DYNAMIC_NO_PIC = NO;
				GCC_NO_COMMON_BLOCKS = YES;
				GCC_OPTIMIZATION_LEVEL = 0;
				GCC_PREPROCESSOR_DEFINITIONS = (
					"DEBUG=1",
					"$(inherited)",
				);
				GCC_WARN_64_TO_32_BIT_CONVERSION = YES;
				GCC_WARN_ABOUT_RETURN_TYPE = YES_ERROR;
				GCC_WARN_UNDECLARED_SELECTOR = YES;
				GCC_WARN_UNINITIALIZED_AUTOS = YES_AGGRESSIVE;
				GCC_WARN_UNUSED_FUNCTION = YES;
				GCC_WARN_UNUSED_VARIABLE = YES;
				IPHONEOS_DEPLOYMENT_TARGET = 15.0;
				LOCALIZATION_PREFERS_STRING_CATALOGS = YES;
				MTL_ENABLE_DEBUG_INFO = INCLUDE_SOURCE;
				MTL_FAST_MATH = YES;
				ONLY_ACTIVE_ARCH = YES;
				SDKROOT = iphoneos;
				SWIFT_ACTIVE_COMPILATION_CONDITIONS = "DEBUG $(inherited)";
				SWIFT_OPTIMIZATION_LEVEL = "-Onone";
			};
			name = Debug;
		};
		40FBA2972C32305F00FAE18B /* Release */ = {
			isa = XCBuildConfiguration;
			buildSettings = {
				ALWAYS_SEARCH_USER_PATHS = NO;
				ASSETCATALOG_COMPILER_GENERATE_SWIFT_ASSET_SYMBOL_EXTENSIONS = YES;
				CLANG_ANALYZER_NONNULL = YES;
				CLANG_ANALYZER_NUMBER_OBJECT_CONVERSION = YES_AGGRESSIVE;
				CLANG_CXX_LANGUAGE_STANDARD = "gnu++20";
				CLANG_ENABLE_MODULES = YES;
				CLANG_ENABLE_OBJC_ARC = YES;
				CLANG_ENABLE_OBJC_WEAK = YES;
				CLANG_WARN_BLOCK_CAPTURE_AUTORELEASING = YES;
				CLANG_WARN_BOOL_CONVERSION = YES;
				CLANG_WARN_COMMA = YES;
				CLANG_WARN_CONSTANT_CONVERSION = YES;
				CLANG_WARN_DEPRECATED_OBJC_IMPLEMENTATIONS = YES;
				CLANG_WARN_DIRECT_OBJC_ISA_USAGE = YES_ERROR;
				CLANG_WARN_DOCUMENTATION_COMMENTS = YES;
				CLANG_WARN_EMPTY_BODY = YES;
				CLANG_WARN_ENUM_CONVERSION = YES;
				CLANG_WARN_INFINITE_RECURSION = YES;
				CLANG_WARN_INT_CONVERSION = YES;
				CLANG_WARN_NON_LITERAL_NULL_CONVERSION = YES;
				CLANG_WARN_OBJC_IMPLICIT_RETAIN_SELF = YES;
				CLANG_WARN_OBJC_LITERAL_CONVERSION = YES;
				CLANG_WARN_OBJC_ROOT_CLASS = YES_ERROR;
				CLANG_WARN_QUOTED_INCLUDE_IN_FRAMEWORK_HEADER = YES;
				CLANG_WARN_RANGE_LOOP_ANALYSIS = YES;
				CLANG_WARN_STRICT_PROTOTYPES = YES;
				CLANG_WARN_SUSPICIOUS_MOVE = YES;
				CLANG_WARN_UNGUARDED_AVAILABILITY = YES_AGGRESSIVE;
				CLANG_WARN_UNREACHABLE_CODE = YES;
				CLANG_WARN__DUPLICATE_METHOD_MATCH = YES;
				COPY_PHASE_STRIP = NO;
				DEBUG_INFORMATION_FORMAT = "dwarf-with-dsym";
				ENABLE_NS_ASSERTIONS = NO;
				ENABLE_STRICT_OBJC_MSGSEND = YES;
				ENABLE_USER_SCRIPT_SANDBOXING = YES;
				GCC_C_LANGUAGE_STANDARD = gnu17;
				GCC_NO_COMMON_BLOCKS = YES;
				GCC_WARN_64_TO_32_BIT_CONVERSION = YES;
				GCC_WARN_ABOUT_RETURN_TYPE = YES_ERROR;
				GCC_WARN_UNDECLARED_SELECTOR = YES;
				GCC_WARN_UNINITIALIZED_AUTOS = YES_AGGRESSIVE;
				GCC_WARN_UNUSED_FUNCTION = YES;
				GCC_WARN_UNUSED_VARIABLE = YES;
				IPHONEOS_DEPLOYMENT_TARGET = 15.0;
				LOCALIZATION_PREFERS_STRING_CATALOGS = YES;
				MTL_ENABLE_DEBUG_INFO = NO;
				MTL_FAST_MATH = YES;
				SDKROOT = iphoneos;
				SWIFT_COMPILATION_MODE = wholemodule;
				VALIDATE_PRODUCT = YES;
			};
			name = Release;
		};
		40FBA2992C32305F00FAE18B /* Debug */ = {
			isa = XCBuildConfiguration;
			buildSettings = {
				ASSETCATALOG_COMPILER_APPICON_NAME = AppIcon;
				ASSETCATALOG_COMPILER_GLOBAL_ACCENT_COLOR_NAME = AccentColor;
				CODE_SIGN_STYLE = Automatic;
				CURRENT_PROJECT_VERSION = 1;
				DEVELOPMENT_ASSET_PATHS = "";
				DEVELOPMENT_TEAM = N5SB8N6JUT;
				ENABLE_PREVIEWS = YES;
				GENERATE_INFOPLIST_FILE = YES;
				INFOPLIST_FILE = EasyTraffic/Info.plist;
				INFOPLIST_KEY_NSCameraUsageDescription = "We need to use camera";
				INFOPLIST_KEY_UIApplicationSceneManifest_Generation = YES;
				INFOPLIST_KEY_UIApplicationSupportsIndirectInputEvents = YES;
				INFOPLIST_KEY_UILaunchScreen_Generation = YES;
				INFOPLIST_KEY_UISupportedInterfaceOrientations_iPad = "UIInterfaceOrientationPortrait UIInterfaceOrientationPortraitUpsideDown UIInterfaceOrientationLandscapeLeft UIInterfaceOrientationLandscapeRight";
				INFOPLIST_KEY_UISupportedInterfaceOrientations_iPhone = "UIInterfaceOrientationPortrait UIInterfaceOrientationLandscapeLeft UIInterfaceOrientationLandscapeRight";
				LD_RUNPATH_SEARCH_PATHS = (
					"$(inherited)",
					"@executable_path/Frameworks",
				);
				MARKETING_VERSION = 1.0;
				PRODUCT_BUNDLE_IDENTIFIER = adi.EasyTraffic;
				PRODUCT_NAME = "$(TARGET_NAME)";
				SWIFT_EMIT_LOC_STRINGS = YES;
				SWIFT_VERSION = 5.0;
				TARGETED_DEVICE_FAMILY = "1,2";
			};
			name = Debug;
		};
		40FBA29A2C32305F00FAE18B /* Release */ = {
			isa = XCBuildConfiguration;
			buildSettings = {
				ASSETCATALOG_COMPILER_APPICON_NAME = AppIcon;
				ASSETCATALOG_COMPILER_GLOBAL_ACCENT_COLOR_NAME = AccentColor;
				CODE_SIGN_STYLE = Automatic;
				CURRENT_PROJECT_VERSION = 1;
				DEVELOPMENT_ASSET_PATHS = "";
				DEVELOPMENT_TEAM = N5SB8N6JUT;
				ENABLE_PREVIEWS = YES;
				GENERATE_INFOPLIST_FILE = YES;
				INFOPLIST_FILE = EasyTraffic/Info.plist;
				INFOPLIST_KEY_NSCameraUsageDescription = "We need to use camera";
				INFOPLIST_KEY_UIApplicationSceneManifest_Generation = YES;
				INFOPLIST_KEY_UIApplicationSupportsIndirectInputEvents = YES;
				INFOPLIST_KEY_UILaunchScreen_Generation = YES;
				INFOPLIST_KEY_UISupportedInterfaceOrientations_iPad = "UIInterfaceOrientationPortrait UIInterfaceOrientationPortraitUpsideDown UIInterfaceOrientationLandscapeLeft UIInterfaceOrientationLandscapeRight";
				INFOPLIST_KEY_UISupportedInterfaceOrientations_iPhone = "UIInterfaceOrientationPortrait UIInterfaceOrientationLandscapeLeft UIInterfaceOrientationLandscapeRight";
				LD_RUNPATH_SEARCH_PATHS = (
					"$(inherited)",
					"@executable_path/Frameworks",
				);
				MARKETING_VERSION = 1.0;
				PRODUCT_BUNDLE_IDENTIFIER = adi.EasyTraffic;
				PRODUCT_NAME = "$(TARGET_NAME)";
				SWIFT_EMIT_LOC_STRINGS = YES;
				SWIFT_VERSION = 5.0;
				TARGETED_DEVICE_FAMILY = "1,2";
			};
			name = Release;
		};
		40FBA29C2C32305F00FAE18B /* Debug */ = {
			isa = XCBuildConfiguration;
			buildSettings = {
				ALWAYS_EMBED_SWIFT_STANDARD_LIBRARIES = YES;
				BUNDLE_LOADER = "$(TEST_HOST)";
				CODE_SIGN_STYLE = Automatic;
				CURRENT_PROJECT_VERSION = 1;
				GENERATE_INFOPLIST_FILE = YES;
				IPHONEOS_DEPLOYMENT_TARGET = 17.5;
				MARKETING_VERSION = 1.0;
				PRODUCT_BUNDLE_IDENTIFIER = adi.EasyTrafficTests;
				PRODUCT_NAME = "$(TARGET_NAME)";
				SWIFT_EMIT_LOC_STRINGS = NO;
				SWIFT_VERSION = 5.0;
				TARGETED_DEVICE_FAMILY = "1,2";
				TEST_HOST = "$(BUILT_PRODUCTS_DIR)/EasyTraffic.app/$(BUNDLE_EXECUTABLE_FOLDER_PATH)/EasyTraffic";
			};
			name = Debug;
		};
		40FBA29D2C32305F00FAE18B /* Release */ = {
			isa = XCBuildConfiguration;
			buildSettings = {
				ALWAYS_EMBED_SWIFT_STANDARD_LIBRARIES = YES;
				BUNDLE_LOADER = "$(TEST_HOST)";
				CODE_SIGN_STYLE = Automatic;
				CURRENT_PROJECT_VERSION = 1;
				GENERATE_INFOPLIST_FILE = YES;
				IPHONEOS_DEPLOYMENT_TARGET = 17.5;
				MARKETING_VERSION = 1.0;
				PRODUCT_BUNDLE_IDENTIFIER = adi.EasyTrafficTests;
				PRODUCT_NAME = "$(TARGET_NAME)";
				SWIFT_EMIT_LOC_STRINGS = NO;
				SWIFT_VERSION = 5.0;
				TARGETED_DEVICE_FAMILY = "1,2";
				TEST_HOST = "$(BUILT_PRODUCTS_DIR)/EasyTraffic.app/$(BUNDLE_EXECUTABLE_FOLDER_PATH)/EasyTraffic";
			};
			name = Release;
		};
		40FBA29F2C32305F00FAE18B /* Debug */ = {
			isa = XCBuildConfiguration;
			buildSettings = {
				ALWAYS_EMBED_SWIFT_STANDARD_LIBRARIES = YES;
				CODE_SIGN_STYLE = Automatic;
				CURRENT_PROJECT_VERSION = 1;
				GENERATE_INFOPLIST_FILE = YES;
				MARKETING_VERSION = 1.0;
				PRODUCT_BUNDLE_IDENTIFIER = adi.EasyTrafficUITests;
				PRODUCT_NAME = "$(TARGET_NAME)";
				SWIFT_EMIT_LOC_STRINGS = NO;
				SWIFT_VERSION = 5.0;
				TARGETED_DEVICE_FAMILY = "1,2";
				TEST_TARGET_NAME = EasyTraffic;
			};
			name = Debug;
		};
		40FBA2A02C32305F00FAE18B /* Release */ = {
			isa = XCBuildConfiguration;
			buildSettings = {
				ALWAYS_EMBED_SWIFT_STANDARD_LIBRARIES = YES;
				CODE_SIGN_STYLE = Automatic;
				CURRENT_PROJECT_VERSION = 1;
				GENERATE_INFOPLIST_FILE = YES;
				MARKETING_VERSION = 1.0;
				PRODUCT_BUNDLE_IDENTIFIER = adi.EasyTrafficUITests;
				PRODUCT_NAME = "$(TARGET_NAME)";
				SWIFT_EMIT_LOC_STRINGS = NO;
				SWIFT_VERSION = 5.0;
				TARGETED_DEVICE_FAMILY = "1,2";
				TEST_TARGET_NAME = EasyTraffic;
			};
			name = Release;
		};
/* End XCBuildConfiguration section */

/* Begin XCConfigurationList section */
		40FBA26F2C32305D00FAE18B /* Build configuration list for PBXProject "EasyTraffic" */ = {
			isa = XCConfigurationList;
			buildConfigurations = (
				40FBA2962C32305F00FAE18B /* Debug */,
				40FBA2972C32305F00FAE18B /* Release */,
			);
			defaultConfigurationIsVisible = 0;
			defaultConfigurationName = Release;
		};
		40FBA2982C32305F00FAE18B /* Build configuration list for PBXNativeTarget "EasyTraffic" */ = {
			isa = XCConfigurationList;
			buildConfigurations = (
				40FBA2992C32305F00FAE18B /* Debug */,
				40FBA29A2C32305F00FAE18B /* Release */,
			);
			defaultConfigurationIsVisible = 0;
			defaultConfigurationName = Release;
		};
		40FBA29B2C32305F00FAE18B /* Build configuration list for PBXNativeTarget "EasyTrafficTests" */ = {
			isa = XCConfigurationList;
			buildConfigurations = (
				40FBA29C2C32305F00FAE18B /* Debug */,
				40FBA29D2C32305F00FAE18B /* Release */,
			);
			defaultConfigurationIsVisible = 0;
			defaultConfigurationName = Release;
		};
		40FBA29E2C32305F00FAE18B /* Build configuration list for PBXNativeTarget "EasyTrafficUITests" */ = {
			isa = XCConfigurationList;
			buildConfigurations = (
				40FBA29F2C32305F00FAE18B /* Debug */,
				40FBA2A02C32305F00FAE18B /* Release */,
			);
			defaultConfigurationIsVisible = 0;
			defaultConfigurationName = Release;
		};
/* End XCConfigurationList section */

/* Begin XCRemoteSwiftPackageReference section */
		40BD4B382ED4236F0002C362 /* XCRemoteSwiftPackageReference "firebase-ios-sdk" */ = {
			isa = XCRemoteSwiftPackageReference;
			repositoryURL = "https://github.com/firebase/firebase-ios-sdk";
			requirement = {
				kind = upToNextMajorVersion;
				minimumVersion = 12.6.0;
			};
		};
/* End XCRemoteSwiftPackageReference section */

/* Begin XCSwiftPackageProductDependency section */
		40BD4B392ED4236F0002C362 /* FirebaseAI */ = {
			isa = XCSwiftPackageProductDependency;
			package = 40BD4B382ED4236F0002C362 /* XCRemoteSwiftPackageReference "firebase-ios-sdk" */;
			productName = FirebaseAI;
		};
		40BD4B3B2ED4236F0002C362 /* FirebaseAILogic */ = {
			isa = XCSwiftPackageProductDependency;
			package = 40BD4B382ED4236F0002C362 /* XCRemoteSwiftPackageReference "firebase-ios-sdk" */;
			productName = FirebaseAILogic;
		};
		40BD4B3D2ED4236F0002C362 /* FirebaseAnalytics */ = {
			isa = XCSwiftPackageProductDependency;
			package = 40BD4B382ED4236F0002C362 /* XCRemoteSwiftPackageReference "firebase-ios-sdk" */;
			productName = FirebaseAnalytics;
		};
		40BD4B3F2ED4236F0002C362 /* FirebaseAnalyticsCore */ = {
			isa = XCSwiftPackageProductDependency;
			package = 40BD4B382ED4236F0002C362 /* XCRemoteSwiftPackageReference "firebase-ios-sdk" */;
			productName = FirebaseAnalyticsCore;
		};
		40BD4B412ED4236F0002C362 /* FirebaseAnalyticsIdentitySupport */ = {
			isa = XCSwiftPackageProductDependency;
			package = 40BD4B382ED4236F0002C362 /* XCRemoteSwiftPackageReference "firebase-ios-sdk" */;
			productName = FirebaseAnalyticsIdentitySupport;
		};
/* End XCSwiftPackageProductDependency section */
	};
	rootObject = 40FBA26C2C32305D00FAE18B /* Project object */;
}
